
Microsoft Visual Studio Solution File, Format Version 12.00
# Visual Studio Version 17
VisualStudioVersion = 17.10.35027.167
MinimumVisualStudioVersion = 10.0.40219.1
Project("{FAE04EC0-301F-11D3-BF4B-00C04F79EFBC}") = "WireGuard.UnblokingLib", "WireGuard.UnblokingLib\WireGuard.UnblokingLib.csproj", "{4319A7FF-359F-484C-8E52-9B1B602F6024}"
EndProject
Project("{FAE04EC0-301F-11D3-BF4B-00C04F79EFBC}") = "Wireguard.UnlokConsole", "Wireguard.UnlokConsole\Wireguard.UnlokConsole.csproj", "{EFEDF73D-DAD6-4418-A6CF-5F5AE4E6EE2E}"
EndProject
Project("{FAE04EC0-301F-11D3-BF4B-00C04F79EFBC}") = "Wireguard.AndroinApp", "Wireguard.AndroinApp\Wireguard.AndroinApp.csproj", "{C57E85A2-0C7C-4420-9130-9C782EF21E34}"
EndProject
Global
	GlobalSection(SolutionConfigurationPlatforms) = preSolution
		Debug|Any CPU = Debug|Any CPU
		Release|Any CPU = Release|Any CPU
	EndGlobalSection
	GlobalSection(ProjectConfigurationPlatforms) = postSolution
		{4319A7FF-359F-484C-8E52-9B1B602F6024}.Debug|Any CPU.ActiveCfg = Debug|Any CPU
		{4319A7FF-359F-484C-8E52-9B1B602F6024}.Debug|Any CPU.Build.0 = Debug|Any CPU
		{4319A7FF-359F-484C-8E52-9B1B602F6024}.Release|Any CPU.ActiveCfg = Release|Any CPU
		{4319A7FF-359F-484C-8E52-9B1B602F6024}.Release|Any CPU.Build.0 = Release|Any CPU
		{EFEDF73D-DAD6-4418-A6CF-5F5AE4E6EE2E}.Debug|Any CPU.ActiveCfg = Debug|Any CPU
		{EFEDF73D-DAD6-4418-A6CF-5F5AE4E6EE2E}.Debug|Any CPU.Build.0 = Debug|Any CPU
		{EFEDF73D-DAD6-4418-A6CF-5F5AE4E6EE2E}.Release|Any CPU.ActiveCfg = Release|Any CPU
		{EFEDF73D-DAD6-4418-A6CF-5F5AE4E6EE2E}.Release|Any CPU.Build.0 = Release|Any CPU
		{C57E85A2-0C7C-4420-9130-9C782EF21E34}.Debug|Any CPU.ActiveCfg = Debug|Any CPU
		{C57E85A2-0C7C-4420-9130-9C782EF21E34}.Debug|Any CPU.Build.0 = Debug|Any CPU
		{C57E85A2-0C7C-4420-9130-9C782EF21E34}.Debug|Any CPU.Deploy.0 = Debug|Any CPU
		{C57E85A2-0C7C-4420-9130-9C782EF21E34}.Release|Any CPU.ActiveCfg = Release|Any CPU
		{C57E85A2-0C7C-4420-9130-9C782EF21E34}.Release|Any CPU.Build.0 = Release|Any CPU
		{C57E85A2-0C7C-4420-9130-9C782EF21E34}.Release|Any CPU.Deploy.0 = Release|Any CPU
	EndGlobalSection
	GlobalSection(SolutionProperties) = preSolution
		HideSolutionNode = FALSE
	EndGlobalSection
	GlobalSection(ExtensibilityGlobals) = postSolution
		SolutionGuid = {64097D74-3D13-4419-BCC2-72E6EA39C1B8}
	EndGlobalSection
EndGlobal
